
Microsoft Visual Studio Solution File, Format Version 12.00
# Visual Studio Version 16
VisualStudioVersion = 16.0.29001.49
MinimumVisualStudioVersion = 10.0.40219.1
Project("{FAE04EC0-301F-11D3-BF4B-00C04F79EFBC}") = "MultiLayers", "MultiLayers\MultiLayers.csproj", "{0FE3A38C-3BA2-4445-BD9C-74DC0B752EA4}"
EndProject
Global
	GlobalSection(SolutionConfigurationPlatforms) = preSolution
		Debug|Any CPU = Debug|Any CPU
		Release|Any CPU = Release|Any CPU
	EndGlobalSection
	GlobalSection(ProjectConfigurationPlatforms) = postSolution
		{0FE3A38C-3BA2-4445-BD9C-74DC0B752EA4}.Debug|Any CPU.ActiveCfg = Debug|Any CPU
		{0FE3A38C-3BA2-4445-BD9C-74DC0B752EA4}.Debug|Any CPU.Build.0 = Debug|Any CPU
		{0FE3A38C-3BA2-4445-BD9C-74DC0B752EA4}.Release|Any CPU.ActiveCfg = Release|Any CPU
		{0FE3A38C-3BA2-4445-BD9C-74DC0B752EA4}.Release|Any CPU.Build.0 = Release|Any CPU
	EndGlobalSection
	GlobalSection(SolutionProperties) = preSolution
		HideSolutionNode = FALSE
	EndGlobalSection
	GlobalSection(ExtensibilityGlobals) = postSolution
		SolutionGuid = {3591EDA8-43E4-44B4-AEF6-898241FF1196}
	EndGlobalSection
EndGlobal
