
Microsoft Visual Studio Solution File, Format Version 12.00
# Visual Studio Version 16
VisualStudioVersion = 16.0.29001.49
MinimumVisualStudioVersion = 10.0.40219.1
Project("{FAE04EC0-301F-11D3-BF4B-00C04F79EFBC}") = "Ex_06_03_02_03_P", "Ex_06_03_02_03_P\Ex_06_03_02_03_P.csproj", "{20A24FB2-95F0-4144-89F5-29BFE65B1C36}"
EndProject
Global
	GlobalSection(SolutionConfigurationPlatforms) = preSolution
		Debug|Any CPU = Debug|Any CPU
		Release|Any CPU = Release|Any CPU
	EndGlobalSection
	GlobalSection(ProjectConfigurationPlatforms) = postSolution
		{20A24FB2-95F0-4144-89F5-29BFE65B1C36}.Debug|Any CPU.ActiveCfg = Debug|Any CPU
		{20A24FB2-95F0-4144-89F5-29BFE65B1C36}.Debug|Any CPU.Build.0 = Debug|Any CPU
		{20A24FB2-95F0-4144-89F5-29BFE65B1C36}.Release|Any CPU.ActiveCfg = Release|Any CPU
		{20A24FB2-95F0-4144-89F5-29BFE65B1C36}.Release|Any CPU.Build.0 = Release|Any CPU
	EndGlobalSection
	GlobalSection(SolutionProperties) = preSolution
		HideSolutionNode = FALSE
	EndGlobalSection
	GlobalSection(ExtensibilityGlobals) = postSolution
		SolutionGuid = {7298FEF2-65D8-438B-B48C-C1B85D482FF0}
	EndGlobalSection
EndGlobal
