
Microsoft Visual Studio Solution File, Format Version 12.00
# Visual Studio Version 16
VisualStudioVersion = 16.0.29001.49
MinimumVisualStudioVersion = 10.0.40219.1
Project("{FAE04EC0-301F-11D3-BF4B-00C04F79EFBC}") = "Ex_14_500", "Ex_14_500\Ex_14_500.csproj", "{27C8FD0C-29D1-474A-B945-5F9FEAA1A0AA}"
EndProject
Global
	GlobalSection(SolutionConfigurationPlatforms) = preSolution
		Debug|Any CPU = Debug|Any CPU
		Release|Any CPU = Release|Any CPU
	EndGlobalSection
	GlobalSection(ProjectConfigurationPlatforms) = postSolution
		{27C8FD0C-29D1-474A-B945-5F9FEAA1A0AA}.Debug|Any CPU.ActiveCfg = Debug|Any CPU
		{27C8FD0C-29D1-474A-B945-5F9FEAA1A0AA}.Debug|Any CPU.Build.0 = Debug|Any CPU
		{27C8FD0C-29D1-474A-B945-5F9FEAA1A0AA}.Release|Any CPU.ActiveCfg = Release|Any CPU
		{27C8FD0C-29D1-474A-B945-5F9FEAA1A0AA}.Release|Any CPU.Build.0 = Release|Any CPU
	EndGlobalSection
	GlobalSection(SolutionProperties) = preSolution
		HideSolutionNode = FALSE
	EndGlobalSection
	GlobalSection(ExtensibilityGlobals) = postSolution
		SolutionGuid = {CC7DDDAF-84BD-4EB1-9F5E-B0B4BE74200D}
	EndGlobalSection
EndGlobal
