
Microsoft Visual Studio Solution File, Format Version 12.00
# Visual Studio Version 16
VisualStudioVersion = 16.0.29001.49
MinimumVisualStudioVersion = 10.0.40219.1
Project("{FAE04EC0-301F-11D3-BF4B-00C04F79EFBC}") = "Ex_10_03_03_01.2_P", "Ex_10_03_03_01.2_P\Ex_10_03_03_01.2_P.csproj", "{F58B815D-72B5-468C-B9C4-DACF1CE94B21}"
EndProject
Global
	GlobalSection(SolutionConfigurationPlatforms) = preSolution
		Debug|Any CPU = Debug|Any CPU
		Release|Any CPU = Release|Any CPU
	EndGlobalSection
	GlobalSection(ProjectConfigurationPlatforms) = postSolution
		{F58B815D-72B5-468C-B9C4-DACF1CE94B21}.Debug|Any CPU.ActiveCfg = Debug|Any CPU
		{F58B815D-72B5-468C-B9C4-DACF1CE94B21}.Debug|Any CPU.Build.0 = Debug|Any CPU
		{F58B815D-72B5-468C-B9C4-DACF1CE94B21}.Release|Any CPU.ActiveCfg = Release|Any CPU
		{F58B815D-72B5-468C-B9C4-DACF1CE94B21}.Release|Any CPU.Build.0 = Release|Any CPU
	EndGlobalSection
	GlobalSection(SolutionProperties) = preSolution
		HideSolutionNode = FALSE
	EndGlobalSection
	GlobalSection(ExtensibilityGlobals) = postSolution
		SolutionGuid = {53534DCD-F58E-450A-A81D-C42D54BA3D98}
	EndGlobalSection
EndGlobal
