
Microsoft Visual Studio Solution File, Format Version 12.00
# Visual Studio Version 16
VisualStudioVersion = 16.0.29001.49
MinimumVisualStudioVersion = 10.0.40219.1
Project("{FAE04EC0-301F-11D3-BF4B-00C04F79EFBC}") = "Ex_10_03_01_02_P", "Ex_10_03_01_02_P\Ex_10_03_01_02_P.csproj", "{F6028C81-60CF-42FF-A2B1-5DFE8B9F5E32}"
EndProject
Global
	GlobalSection(SolutionConfigurationPlatforms) = preSolution
		Debug|Any CPU = Debug|Any CPU
		Release|Any CPU = Release|Any CPU
	EndGlobalSection
	GlobalSection(ProjectConfigurationPlatforms) = postSolution
		{F6028C81-60CF-42FF-A2B1-5DFE8B9F5E32}.Debug|Any CPU.ActiveCfg = Debug|Any CPU
		{F6028C81-60CF-42FF-A2B1-5DFE8B9F5E32}.Debug|Any CPU.Build.0 = Debug|Any CPU
		{F6028C81-60CF-42FF-A2B1-5DFE8B9F5E32}.Release|Any CPU.ActiveCfg = Release|Any CPU
		{F6028C81-60CF-42FF-A2B1-5DFE8B9F5E32}.Release|Any CPU.Build.0 = Release|Any CPU
	EndGlobalSection
	GlobalSection(SolutionProperties) = preSolution
		HideSolutionNode = FALSE
	EndGlobalSection
	GlobalSection(ExtensibilityGlobals) = postSolution
		SolutionGuid = {D068E4E1-08ED-49FE-9C17-38DE499EFF38}
	EndGlobalSection
EndGlobal
