
Microsoft Visual Studio Solution File, Format Version 12.00
# Visual Studio Version 16
VisualStudioVersion = 16.0.29001.49
MinimumVisualStudioVersion = 10.0.40219.1
Project("{FAE04EC0-301F-11D3-BF4B-00C04F79EFBC}") = "Ex_05_02_01", "Ex_05_02_01\example_05_02_01.csproj", "{CAA7C6E7-B636-41E5-B757-01D1257B2997}"
EndProject
Global
	GlobalSection(SolutionConfigurationPlatforms) = preSolution
		Debug|Any CPU = Debug|Any CPU
		Release|Any CPU = Release|Any CPU
	EndGlobalSection
	GlobalSection(ProjectConfigurationPlatforms) = postSolution
		{CAA7C6E7-B636-41E5-B757-01D1257B2997}.Debug|Any CPU.ActiveCfg = Debug|Any CPU
		{CAA7C6E7-B636-41E5-B757-01D1257B2997}.Debug|Any CPU.Build.0 = Debug|Any CPU
		{CAA7C6E7-B636-41E5-B757-01D1257B2997}.Release|Any CPU.ActiveCfg = Release|Any CPU
		{CAA7C6E7-B636-41E5-B757-01D1257B2997}.Release|Any CPU.Build.0 = Release|Any CPU
	EndGlobalSection
	GlobalSection(SolutionProperties) = preSolution
		HideSolutionNode = FALSE
	EndGlobalSection
	GlobalSection(ExtensibilityGlobals) = postSolution
		SolutionGuid = {4F276E06-346D-4DD3-B410-667392A3EDA0}
	EndGlobalSection
EndGlobal
