
Microsoft Visual Studio Solution File, Format Version 12.00
# Visual Studio Version 16
VisualStudioVersion = 16.0.29001.49
MinimumVisualStudioVersion = 10.0.40219.1
Project("{FAE04EC0-301F-11D3-BF4B-00C04F79EFBC}") = "Ex_08_04_02_P", "Ex_08_04_02_P\Ex_08_04_02_P.csproj", "{9CAED284-4161-4125-B18E-07975211CA9C}"
EndProject
Global
	GlobalSection(SolutionConfigurationPlatforms) = preSolution
		Debug|Any CPU = Debug|Any CPU
		Release|Any CPU = Release|Any CPU
	EndGlobalSection
	GlobalSection(ProjectConfigurationPlatforms) = postSolution
		{9CAED284-4161-4125-B18E-07975211CA9C}.Debug|Any CPU.ActiveCfg = Debug|Any CPU
		{9CAED284-4161-4125-B18E-07975211CA9C}.Debug|Any CPU.Build.0 = Debug|Any CPU
		{9CAED284-4161-4125-B18E-07975211CA9C}.Release|Any CPU.ActiveCfg = Release|Any CPU
		{9CAED284-4161-4125-B18E-07975211CA9C}.Release|Any CPU.Build.0 = Release|Any CPU
	EndGlobalSection
	GlobalSection(SolutionProperties) = preSolution
		HideSolutionNode = FALSE
	EndGlobalSection
	GlobalSection(ExtensibilityGlobals) = postSolution
		SolutionGuid = {8D0C3999-9CE3-4E2C-BBD6-C6E2B435B46F}
	EndGlobalSection
EndGlobal
