
Microsoft Visual Studio Solution File, Format Version 12.00
# Visual Studio Version 16
VisualStudioVersion = 16.0.29001.49
MinimumVisualStudioVersion = 10.0.40219.1
Project("{FAE04EC0-301F-11D3-BF4B-00C04F79EFBC}") = "Ex_08_01_P", "Ex_08_01_P\Ex_08_01_P.csproj", "{5CBF2651-44EB-48F5-86FE-F2C356ADB537}"
EndProject
Global
	GlobalSection(SolutionConfigurationPlatforms) = preSolution
		Debug|Any CPU = Debug|Any CPU
		Release|Any CPU = Release|Any CPU
	EndGlobalSection
	GlobalSection(ProjectConfigurationPlatforms) = postSolution
		{5CBF2651-44EB-48F5-86FE-F2C356ADB537}.Debug|Any CPU.ActiveCfg = Debug|Any CPU
		{5CBF2651-44EB-48F5-86FE-F2C356ADB537}.Debug|Any CPU.Build.0 = Debug|Any CPU
		{5CBF2651-44EB-48F5-86FE-F2C356ADB537}.Release|Any CPU.ActiveCfg = Release|Any CPU
		{5CBF2651-44EB-48F5-86FE-F2C356ADB537}.Release|Any CPU.Build.0 = Release|Any CPU
	EndGlobalSection
	GlobalSection(SolutionProperties) = preSolution
		HideSolutionNode = FALSE
	EndGlobalSection
	GlobalSection(ExtensibilityGlobals) = postSolution
		SolutionGuid = {402530C3-59D5-4D70-A0D6-502DB8F9E87A}
	EndGlobalSection
EndGlobal
