
Microsoft Visual Studio Solution File, Format Version 12.00
# Visual Studio Version 16
VisualStudioVersion = 16.0.29001.49
MinimumVisualStudioVersion = 10.0.40219.1
Project("{FAE04EC0-301F-11D3-BF4B-00C04F79EFBC}") = "Ex_07_02_01", "Ex_07_02_01\Ex_07_02_01.csproj", "{063E2A2E-4BFC-4A89-ABE4-5255710263BA}"
EndProject
Global
	GlobalSection(SolutionConfigurationPlatforms) = preSolution
		Debug|Any CPU = Debug|Any CPU
		Release|Any CPU = Release|Any CPU
	EndGlobalSection
	GlobalSection(ProjectConfigurationPlatforms) = postSolution
		{063E2A2E-4BFC-4A89-ABE4-5255710263BA}.Debug|Any CPU.ActiveCfg = Debug|Any CPU
		{063E2A2E-4BFC-4A89-ABE4-5255710263BA}.Debug|Any CPU.Build.0 = Debug|Any CPU
		{063E2A2E-4BFC-4A89-ABE4-5255710263BA}.Release|Any CPU.ActiveCfg = Release|Any CPU
		{063E2A2E-4BFC-4A89-ABE4-5255710263BA}.Release|Any CPU.Build.0 = Release|Any CPU
	EndGlobalSection
	GlobalSection(SolutionProperties) = preSolution
		HideSolutionNode = FALSE
	EndGlobalSection
	GlobalSection(ExtensibilityGlobals) = postSolution
		SolutionGuid = {FC2B98AC-AE56-4EBA-8F16-200CC4FC55DC}
	EndGlobalSection
EndGlobal
