
Microsoft Visual Studio Solution File, Format Version 12.00
# Visual Studio Version 16
VisualStudioVersion = 16.0.29001.49
MinimumVisualStudioVersion = 10.0.40219.1
Project("{FAE04EC0-301F-11D3-BF4B-00C04F79EFBC}") = "Ex_12_030_050", "Ex_12_030_050\Ex_12_030_050.csproj", "{D5EE6DE8-5092-4988-B934-2C0A8AC1D7AB}"
EndProject
Global
	GlobalSection(SolutionConfigurationPlatforms) = preSolution
		Debug|Any CPU = Debug|Any CPU
		Release|Any CPU = Release|Any CPU
	EndGlobalSection
	GlobalSection(ProjectConfigurationPlatforms) = postSolution
		{D5EE6DE8-5092-4988-B934-2C0A8AC1D7AB}.Debug|Any CPU.ActiveCfg = Debug|Any CPU
		{D5EE6DE8-5092-4988-B934-2C0A8AC1D7AB}.Debug|Any CPU.Build.0 = Debug|Any CPU
		{D5EE6DE8-5092-4988-B934-2C0A8AC1D7AB}.Release|Any CPU.ActiveCfg = Release|Any CPU
		{D5EE6DE8-5092-4988-B934-2C0A8AC1D7AB}.Release|Any CPU.Build.0 = Release|Any CPU
	EndGlobalSection
	GlobalSection(SolutionProperties) = preSolution
		HideSolutionNode = FALSE
	EndGlobalSection
	GlobalSection(ExtensibilityGlobals) = postSolution
		SolutionGuid = {FB4AACAF-9A8C-4DD8-9074-8B54D7A60938}
	EndGlobalSection
EndGlobal
