
Microsoft Visual Studio Solution File, Format Version 12.00
# Visual Studio Version 16
VisualStudioVersion = 16.0.29001.49
MinimumVisualStudioVersion = 10.0.40219.1
Project("{FAE04EC0-301F-11D3-BF4B-00C04F79EFBC}") = "Ex_03_02_06_P", "Ex_03_02_06_P\exercise_03_02_06.csproj", "{59A74B03-DECD-4F44-A5CE-56EC8EE5DA41}"
EndProject
Global
	GlobalSection(SolutionConfigurationPlatforms) = preSolution
		Debug|Any CPU = Debug|Any CPU
		Release|Any CPU = Release|Any CPU
	EndGlobalSection
	GlobalSection(ProjectConfigurationPlatforms) = postSolution
		{59A74B03-DECD-4F44-A5CE-56EC8EE5DA41}.Debug|Any CPU.ActiveCfg = Debug|Any CPU
		{59A74B03-DECD-4F44-A5CE-56EC8EE5DA41}.Debug|Any CPU.Build.0 = Debug|Any CPU
		{59A74B03-DECD-4F44-A5CE-56EC8EE5DA41}.Release|Any CPU.ActiveCfg = Release|Any CPU
		{59A74B03-DECD-4F44-A5CE-56EC8EE5DA41}.Release|Any CPU.Build.0 = Release|Any CPU
	EndGlobalSection
	GlobalSection(SolutionProperties) = preSolution
		HideSolutionNode = FALSE
	EndGlobalSection
	GlobalSection(ExtensibilityGlobals) = postSolution
		SolutionGuid = {598CB8D0-064E-417F-B9C1-4EFB6B06504C}
	EndGlobalSection
EndGlobal
