
Microsoft Visual Studio Solution File, Format Version 12.00
# Visual Studio Version 16
VisualStudioVersion = 16.0.29001.49
MinimumVisualStudioVersion = 10.0.40219.1
Project("{FAE04EC0-301F-11D3-BF4B-00C04F79EFBC}") = "Ex_14_010", "Ex_14_010\Ex_14_010.csproj", "{EA7956F3-8748-4CCF-9181-732E1FBA2E78}"
EndProject
Global
	GlobalSection(SolutionConfigurationPlatforms) = preSolution
		Debug|Any CPU = Debug|Any CPU
		Release|Any CPU = Release|Any CPU
	EndGlobalSection
	GlobalSection(ProjectConfigurationPlatforms) = postSolution
		{EA7956F3-8748-4CCF-9181-732E1FBA2E78}.Debug|Any CPU.ActiveCfg = Debug|Any CPU
		{EA7956F3-8748-4CCF-9181-732E1FBA2E78}.Debug|Any CPU.Build.0 = Debug|Any CPU
		{EA7956F3-8748-4CCF-9181-732E1FBA2E78}.Release|Any CPU.ActiveCfg = Release|Any CPU
		{EA7956F3-8748-4CCF-9181-732E1FBA2E78}.Release|Any CPU.Build.0 = Release|Any CPU
	EndGlobalSection
	GlobalSection(SolutionProperties) = preSolution
		HideSolutionNode = FALSE
	EndGlobalSection
	GlobalSection(ExtensibilityGlobals) = postSolution
		SolutionGuid = {4BE96BC7-A954-44C9-918E-456C7D23DE37}
	EndGlobalSection
EndGlobal
