
Microsoft Visual Studio Solution File, Format Version 12.00
# Visual Studio Version 16
VisualStudioVersion = 16.0.29001.49
MinimumVisualStudioVersion = 10.0.40219.1
Project("{FAE04EC0-301F-11D3-BF4B-00C04F79EFBC}") = "Ex_03_04", "Ex_03_04\example_03_04.csproj", "{5846592A-02D6-4883-9208-5B034E5D2185}"
EndProject
Global
	GlobalSection(SolutionConfigurationPlatforms) = preSolution
		Debug|Any CPU = Debug|Any CPU
		Release|Any CPU = Release|Any CPU
	EndGlobalSection
	GlobalSection(ProjectConfigurationPlatforms) = postSolution
		{5846592A-02D6-4883-9208-5B034E5D2185}.Debug|Any CPU.ActiveCfg = Debug|Any CPU
		{5846592A-02D6-4883-9208-5B034E5D2185}.Debug|Any CPU.Build.0 = Debug|Any CPU
		{5846592A-02D6-4883-9208-5B034E5D2185}.Release|Any CPU.ActiveCfg = Release|Any CPU
		{5846592A-02D6-4883-9208-5B034E5D2185}.Release|Any CPU.Build.0 = Release|Any CPU
	EndGlobalSection
	GlobalSection(SolutionProperties) = preSolution
		HideSolutionNode = FALSE
	EndGlobalSection
	GlobalSection(ExtensibilityGlobals) = postSolution
		SolutionGuid = {9D3D66E1-EC66-40E2-B868-E53A6CEDB6AD}
	EndGlobalSection
EndGlobal
