
Microsoft Visual Studio Solution File, Format Version 12.00
# Visual Studio Version 16
VisualStudioVersion = 16.0.29001.49
MinimumVisualStudioVersion = 10.0.40219.1
Project("{FAE04EC0-301F-11D3-BF4B-00C04F79EFBC}") = "Ex_10_01_05", "Ex_10_01_05\Ex_10_01_05.csproj", "{A44397D8-B989-4211-A9B6-CC3F887E057B}"
EndProject
Global
	GlobalSection(SolutionConfigurationPlatforms) = preSolution
		Debug|Any CPU = Debug|Any CPU
		Release|Any CPU = Release|Any CPU
	EndGlobalSection
	GlobalSection(ProjectConfigurationPlatforms) = postSolution
		{A44397D8-B989-4211-A9B6-CC3F887E057B}.Debug|Any CPU.ActiveCfg = Debug|Any CPU
		{A44397D8-B989-4211-A9B6-CC3F887E057B}.Debug|Any CPU.Build.0 = Debug|Any CPU
		{A44397D8-B989-4211-A9B6-CC3F887E057B}.Release|Any CPU.ActiveCfg = Release|Any CPU
		{A44397D8-B989-4211-A9B6-CC3F887E057B}.Release|Any CPU.Build.0 = Release|Any CPU
	EndGlobalSection
	GlobalSection(SolutionProperties) = preSolution
		HideSolutionNode = FALSE
	EndGlobalSection
	GlobalSection(ExtensibilityGlobals) = postSolution
		SolutionGuid = {134CDB29-D8A5-4A66-9476-935D46AA8775}
	EndGlobalSection
EndGlobal
