
Microsoft Visual Studio Solution File, Format Version 12.00
# Visual Studio Version 16
VisualStudioVersion = 16.0.29001.49
MinimumVisualStudioVersion = 10.0.40219.1
Project("{FAE04EC0-301F-11D3-BF4B-00C04F79EFBC}") = "Ex_03_01_03_P", "Ex_03_01_03_P\exercise_03_01_03.csproj", "{F17E6AB1-7E86-4788-809F-A316E35DA1BC}"
EndProject
Global
	GlobalSection(SolutionConfigurationPlatforms) = preSolution
		Debug|Any CPU = Debug|Any CPU
		Release|Any CPU = Release|Any CPU
	EndGlobalSection
	GlobalSection(ProjectConfigurationPlatforms) = postSolution
		{F17E6AB1-7E86-4788-809F-A316E35DA1BC}.Debug|Any CPU.ActiveCfg = Debug|Any CPU
		{F17E6AB1-7E86-4788-809F-A316E35DA1BC}.Debug|Any CPU.Build.0 = Debug|Any CPU
		{F17E6AB1-7E86-4788-809F-A316E35DA1BC}.Release|Any CPU.ActiveCfg = Release|Any CPU
		{F17E6AB1-7E86-4788-809F-A316E35DA1BC}.Release|Any CPU.Build.0 = Release|Any CPU
	EndGlobalSection
	GlobalSection(SolutionProperties) = preSolution
		HideSolutionNode = FALSE
	EndGlobalSection
	GlobalSection(ExtensibilityGlobals) = postSolution
		SolutionGuid = {ECB0D057-EA8E-4727-862A-2E59CEFCCBFC}
	EndGlobalSection
EndGlobal
