
Microsoft Visual Studio Solution File, Format Version 12.00
# Visual Studio Version 16
VisualStudioVersion = 16.0.29001.49
MinimumVisualStudioVersion = 10.0.40219.1
Project("{FAE04EC0-301F-11D3-BF4B-00C04F79EFBC}") = "Ex_10_07_03", "Ex_10_07_03\Ex_10_07_03.csproj", "{BBC9662B-26B0-43F4-9526-316700A8AC46}"
EndProject
Global
	GlobalSection(SolutionConfigurationPlatforms) = preSolution
		Debug|Any CPU = Debug|Any CPU
		Release|Any CPU = Release|Any CPU
	EndGlobalSection
	GlobalSection(ProjectConfigurationPlatforms) = postSolution
		{BBC9662B-26B0-43F4-9526-316700A8AC46}.Debug|Any CPU.ActiveCfg = Debug|Any CPU
		{BBC9662B-26B0-43F4-9526-316700A8AC46}.Debug|Any CPU.Build.0 = Debug|Any CPU
		{BBC9662B-26B0-43F4-9526-316700A8AC46}.Release|Any CPU.ActiveCfg = Release|Any CPU
		{BBC9662B-26B0-43F4-9526-316700A8AC46}.Release|Any CPU.Build.0 = Release|Any CPU
	EndGlobalSection
	GlobalSection(SolutionProperties) = preSolution
		HideSolutionNode = FALSE
	EndGlobalSection
	GlobalSection(ExtensibilityGlobals) = postSolution
		SolutionGuid = {37B402ED-D01E-4BAA-8D5F-1AD32B03919B}
	EndGlobalSection
EndGlobal
