
Microsoft Visual Studio Solution File, Format Version 12.00
# Visual Studio Version 16
VisualStudioVersion = 16.0.29001.49
MinimumVisualStudioVersion = 10.0.40219.1
Project("{FAE04EC0-301F-11D3-BF4B-00C04F79EFBC}") = "Ex_10_03_03_02", "Ex_10_03_03_02\Ex_10_03_03_02.csproj", "{FFA3FC15-CE0B-49DF-9EB7-04CA70F80EB4}"
EndProject
Global
	GlobalSection(SolutionConfigurationPlatforms) = preSolution
		Debug|Any CPU = Debug|Any CPU
		Release|Any CPU = Release|Any CPU
	EndGlobalSection
	GlobalSection(ProjectConfigurationPlatforms) = postSolution
		{FFA3FC15-CE0B-49DF-9EB7-04CA70F80EB4}.Debug|Any CPU.ActiveCfg = Debug|Any CPU
		{FFA3FC15-CE0B-49DF-9EB7-04CA70F80EB4}.Debug|Any CPU.Build.0 = Debug|Any CPU
		{FFA3FC15-CE0B-49DF-9EB7-04CA70F80EB4}.Release|Any CPU.ActiveCfg = Release|Any CPU
		{FFA3FC15-CE0B-49DF-9EB7-04CA70F80EB4}.Release|Any CPU.Build.0 = Release|Any CPU
	EndGlobalSection
	GlobalSection(SolutionProperties) = preSolution
		HideSolutionNode = FALSE
	EndGlobalSection
	GlobalSection(ExtensibilityGlobals) = postSolution
		SolutionGuid = {3ADB9705-FE51-465B-86DE-2BC76D1F7A51}
	EndGlobalSection
EndGlobal
