
Microsoft Visual Studio Solution File, Format Version 12.00
# Visual Studio Version 16
VisualStudioVersion = 16.0.29001.49
MinimumVisualStudioVersion = 10.0.40219.1
Project("{FAE04EC0-301F-11D3-BF4B-00C04F79EFBC}") = "Ex_12_030_087", "Ex_12_030_087\Ex_12_030_087.csproj", "{CCBF307C-DCD3-4434-87D9-58E3EDF597EF}"
EndProject
Global
	GlobalSection(SolutionConfigurationPlatforms) = preSolution
		Debug|Any CPU = Debug|Any CPU
		Release|Any CPU = Release|Any CPU
	EndGlobalSection
	GlobalSection(ProjectConfigurationPlatforms) = postSolution
		{CCBF307C-DCD3-4434-87D9-58E3EDF597EF}.Debug|Any CPU.ActiveCfg = Debug|Any CPU
		{CCBF307C-DCD3-4434-87D9-58E3EDF597EF}.Debug|Any CPU.Build.0 = Debug|Any CPU
		{CCBF307C-DCD3-4434-87D9-58E3EDF597EF}.Release|Any CPU.ActiveCfg = Release|Any CPU
		{CCBF307C-DCD3-4434-87D9-58E3EDF597EF}.Release|Any CPU.Build.0 = Release|Any CPU
	EndGlobalSection
	GlobalSection(SolutionProperties) = preSolution
		HideSolutionNode = FALSE
	EndGlobalSection
	GlobalSection(ExtensibilityGlobals) = postSolution
		SolutionGuid = {A2EAE1DD-9049-41CC-A921-6D16AE92AD5F}
	EndGlobalSection
EndGlobal
