
Microsoft Visual Studio Solution File, Format Version 12.00
# Visual Studio Version 16
VisualStudioVersion = 16.0.29001.49
MinimumVisualStudioVersion = 10.0.40219.1
Project("{FAE04EC0-301F-11D3-BF4B-00C04F79EFBC}") = "Ex_04_02_03_01_P", "Ex_04_02_03_01_P\exercise_04_02_03_01.csproj", "{5064B842-3461-40E1-9BE6-3BFE06A90C63}"
EndProject
Global
	GlobalSection(SolutionConfigurationPlatforms) = preSolution
		Debug|Any CPU = Debug|Any CPU
		Release|Any CPU = Release|Any CPU
	EndGlobalSection
	GlobalSection(ProjectConfigurationPlatforms) = postSolution
		{5064B842-3461-40E1-9BE6-3BFE06A90C63}.Debug|Any CPU.ActiveCfg = Debug|Any CPU
		{5064B842-3461-40E1-9BE6-3BFE06A90C63}.Debug|Any CPU.Build.0 = Debug|Any CPU
		{5064B842-3461-40E1-9BE6-3BFE06A90C63}.Release|Any CPU.ActiveCfg = Release|Any CPU
		{5064B842-3461-40E1-9BE6-3BFE06A90C63}.Release|Any CPU.Build.0 = Release|Any CPU
	EndGlobalSection
	GlobalSection(SolutionProperties) = preSolution
		HideSolutionNode = FALSE
	EndGlobalSection
	GlobalSection(ExtensibilityGlobals) = postSolution
		SolutionGuid = {76A61120-77A8-431F-B4E8-730960D5F5E8}
	EndGlobalSection
EndGlobal
