
Microsoft Visual Studio Solution File, Format Version 12.00
# Visual Studio Version 16
VisualStudioVersion = 16.0.29001.49
MinimumVisualStudioVersion = 10.0.40219.1
Project("{FAE04EC0-301F-11D3-BF4B-00C04F79EFBC}") = "Ex_10_09_02_P", "Ex_10_09_02_P\Ex_10_09_02_P.csproj", "{DCA2FFAA-BEFD-467A-88BF-9E988854BF5E}"
EndProject
Global
	GlobalSection(SolutionConfigurationPlatforms) = preSolution
		Debug|Any CPU = Debug|Any CPU
		Release|Any CPU = Release|Any CPU
	EndGlobalSection
	GlobalSection(ProjectConfigurationPlatforms) = postSolution
		{DCA2FFAA-BEFD-467A-88BF-9E988854BF5E}.Debug|Any CPU.ActiveCfg = Debug|Any CPU
		{DCA2FFAA-BEFD-467A-88BF-9E988854BF5E}.Debug|Any CPU.Build.0 = Debug|Any CPU
		{DCA2FFAA-BEFD-467A-88BF-9E988854BF5E}.Release|Any CPU.ActiveCfg = Release|Any CPU
		{DCA2FFAA-BEFD-467A-88BF-9E988854BF5E}.Release|Any CPU.Build.0 = Release|Any CPU
	EndGlobalSection
	GlobalSection(SolutionProperties) = preSolution
		HideSolutionNode = FALSE
	EndGlobalSection
	GlobalSection(ExtensibilityGlobals) = postSolution
		SolutionGuid = {2FFF8E31-31EF-482C-96A0-F2107FCAB62D}
	EndGlobalSection
EndGlobal
