
Microsoft Visual Studio Solution File, Format Version 12.00
# Visual Studio Version 16
VisualStudioVersion = 16.0.29001.49
MinimumVisualStudioVersion = 10.0.40219.1
Project("{FAE04EC0-301F-11D3-BF4B-00C04F79EFBC}") = "Ex_10_03_01", "Ex_10_03_01\Ex_10_03_01.csproj", "{CBDE9876-36AE-49A0-BCCE-85E0278155D6}"
EndProject
Global
	GlobalSection(SolutionConfigurationPlatforms) = preSolution
		Debug|Any CPU = Debug|Any CPU
		Release|Any CPU = Release|Any CPU
	EndGlobalSection
	GlobalSection(ProjectConfigurationPlatforms) = postSolution
		{CBDE9876-36AE-49A0-BCCE-85E0278155D6}.Debug|Any CPU.ActiveCfg = Debug|Any CPU
		{CBDE9876-36AE-49A0-BCCE-85E0278155D6}.Debug|Any CPU.Build.0 = Debug|Any CPU
		{CBDE9876-36AE-49A0-BCCE-85E0278155D6}.Release|Any CPU.ActiveCfg = Release|Any CPU
		{CBDE9876-36AE-49A0-BCCE-85E0278155D6}.Release|Any CPU.Build.0 = Release|Any CPU
	EndGlobalSection
	GlobalSection(SolutionProperties) = preSolution
		HideSolutionNode = FALSE
	EndGlobalSection
	GlobalSection(ExtensibilityGlobals) = postSolution
		SolutionGuid = {47818F72-2B89-4064-8341-45762BA3513B}
	EndGlobalSection
EndGlobal
