
Microsoft Visual Studio Solution File, Format Version 12.00
# Visual Studio Version 16
VisualStudioVersion = 16.0.29001.49
MinimumVisualStudioVersion = 10.0.40219.1
Project("{FAE04EC0-301F-11D3-BF4B-00C04F79EFBC}") = "Ex_12_030_120", "Ex_12_030_120\Ex_12_030_120.csproj", "{389A2157-9A40-4570-9E55-9DB67BE259A0}"
EndProject
Global
	GlobalSection(SolutionConfigurationPlatforms) = preSolution
		Debug|Any CPU = Debug|Any CPU
		Release|Any CPU = Release|Any CPU
	EndGlobalSection
	GlobalSection(ProjectConfigurationPlatforms) = postSolution
		{389A2157-9A40-4570-9E55-9DB67BE259A0}.Debug|Any CPU.ActiveCfg = Debug|Any CPU
		{389A2157-9A40-4570-9E55-9DB67BE259A0}.Debug|Any CPU.Build.0 = Debug|Any CPU
		{389A2157-9A40-4570-9E55-9DB67BE259A0}.Release|Any CPU.ActiveCfg = Release|Any CPU
		{389A2157-9A40-4570-9E55-9DB67BE259A0}.Release|Any CPU.Build.0 = Release|Any CPU
	EndGlobalSection
	GlobalSection(SolutionProperties) = preSolution
		HideSolutionNode = FALSE
	EndGlobalSection
	GlobalSection(ExtensibilityGlobals) = postSolution
		SolutionGuid = {5938371D-620D-4924-8DB9-125DAC007ECE}
	EndGlobalSection
EndGlobal
