
Microsoft Visual Studio Solution File, Format Version 12.00
# Visual Studio Version 16
VisualStudioVersion = 16.0.29001.49
MinimumVisualStudioVersion = 10.0.40219.1
Project("{FAE04EC0-301F-11D3-BF4B-00C04F79EFBC}") = "Ex_09_02_01_P", "Ex_09_02_01_P\Ex_09_02_01_P.csproj", "{1605D0E1-736B-4D26-9D96-9AD9379504CA}"
EndProject
Global
	GlobalSection(SolutionConfigurationPlatforms) = preSolution
		Debug|Any CPU = Debug|Any CPU
		Release|Any CPU = Release|Any CPU
	EndGlobalSection
	GlobalSection(ProjectConfigurationPlatforms) = postSolution
		{1605D0E1-736B-4D26-9D96-9AD9379504CA}.Debug|Any CPU.ActiveCfg = Debug|Any CPU
		{1605D0E1-736B-4D26-9D96-9AD9379504CA}.Debug|Any CPU.Build.0 = Debug|Any CPU
		{1605D0E1-736B-4D26-9D96-9AD9379504CA}.Release|Any CPU.ActiveCfg = Release|Any CPU
		{1605D0E1-736B-4D26-9D96-9AD9379504CA}.Release|Any CPU.Build.0 = Release|Any CPU
	EndGlobalSection
	GlobalSection(SolutionProperties) = preSolution
		HideSolutionNode = FALSE
	EndGlobalSection
	GlobalSection(ExtensibilityGlobals) = postSolution
		SolutionGuid = {02644C2E-A197-4011-BF5A-A19515D8F3E6}
	EndGlobalSection
EndGlobal
