
Microsoft Visual Studio Solution File, Format Version 12.00
# Visual Studio Version 16
VisualStudioVersion = 16.0.29001.49
MinimumVisualStudioVersion = 10.0.40219.1
Project("{FAE04EC0-301F-11D3-BF4B-00C04F79EFBC}") = "Ex_12_030_085", "Ex_12_030_085\Ex_12_030_085.csproj", "{22B02805-7881-4D32-9B87-8396852FEBA1}"
EndProject
Global
	GlobalSection(SolutionConfigurationPlatforms) = preSolution
		Debug|Any CPU = Debug|Any CPU
		Release|Any CPU = Release|Any CPU
	EndGlobalSection
	GlobalSection(ProjectConfigurationPlatforms) = postSolution
		{22B02805-7881-4D32-9B87-8396852FEBA1}.Debug|Any CPU.ActiveCfg = Debug|Any CPU
		{22B02805-7881-4D32-9B87-8396852FEBA1}.Debug|Any CPU.Build.0 = Debug|Any CPU
		{22B02805-7881-4D32-9B87-8396852FEBA1}.Release|Any CPU.ActiveCfg = Release|Any CPU
		{22B02805-7881-4D32-9B87-8396852FEBA1}.Release|Any CPU.Build.0 = Release|Any CPU
	EndGlobalSection
	GlobalSection(SolutionProperties) = preSolution
		HideSolutionNode = FALSE
	EndGlobalSection
	GlobalSection(ExtensibilityGlobals) = postSolution
		SolutionGuid = {CA3B8C3D-E98D-4080-8EB5-5E80CE0A0381}
	EndGlobalSection
EndGlobal
