
Microsoft Visual Studio Solution File, Format Version 12.00
# Visual Studio Version 16
VisualStudioVersion = 16.0.29001.49
MinimumVisualStudioVersion = 10.0.40219.1
Project("{FAE04EC0-301F-11D3-BF4B-00C04F79EFBC}") = "Ex_12_030_070", "Ex_12_030_070\Ex_12_030_070.csproj", "{58631DD2-E86E-491D-92B3-F017ECA54641}"
EndProject
Global
	GlobalSection(SolutionConfigurationPlatforms) = preSolution
		Debug|Any CPU = Debug|Any CPU
		Release|Any CPU = Release|Any CPU
	EndGlobalSection
	GlobalSection(ProjectConfigurationPlatforms) = postSolution
		{58631DD2-E86E-491D-92B3-F017ECA54641}.Debug|Any CPU.ActiveCfg = Debug|Any CPU
		{58631DD2-E86E-491D-92B3-F017ECA54641}.Debug|Any CPU.Build.0 = Debug|Any CPU
		{58631DD2-E86E-491D-92B3-F017ECA54641}.Release|Any CPU.ActiveCfg = Release|Any CPU
		{58631DD2-E86E-491D-92B3-F017ECA54641}.Release|Any CPU.Build.0 = Release|Any CPU
	EndGlobalSection
	GlobalSection(SolutionProperties) = preSolution
		HideSolutionNode = FALSE
	EndGlobalSection
	GlobalSection(ExtensibilityGlobals) = postSolution
		SolutionGuid = {1C1D9086-3F50-427C-B6BB-336C7E17F206}
	EndGlobalSection
EndGlobal
