
Microsoft Visual Studio Solution File, Format Version 12.00
# Visual Studio Version 16
VisualStudioVersion = 16.0.29001.49
MinimumVisualStudioVersion = 10.0.40219.1
Project("{FAE04EC0-301F-11D3-BF4B-00C04F79EFBC}") = "Ex_12_030_080", "Ex_12_030_080\Ex_12_030_080.csproj", "{FBC50674-4BD9-44D4-BA1C-A16936614F64}"
EndProject
Global
	GlobalSection(SolutionConfigurationPlatforms) = preSolution
		Debug|Any CPU = Debug|Any CPU
		Release|Any CPU = Release|Any CPU
	EndGlobalSection
	GlobalSection(ProjectConfigurationPlatforms) = postSolution
		{FBC50674-4BD9-44D4-BA1C-A16936614F64}.Debug|Any CPU.ActiveCfg = Debug|Any CPU
		{FBC50674-4BD9-44D4-BA1C-A16936614F64}.Debug|Any CPU.Build.0 = Debug|Any CPU
		{FBC50674-4BD9-44D4-BA1C-A16936614F64}.Release|Any CPU.ActiveCfg = Release|Any CPU
		{FBC50674-4BD9-44D4-BA1C-A16936614F64}.Release|Any CPU.Build.0 = Release|Any CPU
	EndGlobalSection
	GlobalSection(SolutionProperties) = preSolution
		HideSolutionNode = FALSE
	EndGlobalSection
	GlobalSection(ExtensibilityGlobals) = postSolution
		SolutionGuid = {374FC450-20A9-47BB-9913-C264C391F79D}
	EndGlobalSection
EndGlobal
