
Microsoft Visual Studio Solution File, Format Version 12.00
# Visual Studio Version 16
VisualStudioVersion = 16.0.29001.49
MinimumVisualStudioVersion = 10.0.40219.1
Project("{FAE04EC0-301F-11D3-BF4B-00C04F79EFBC}") = "Ex_05", "Ex_05\example_05.csproj", "{DEE4CFF4-4022-4F90-901E-7BFB291DDF26}"
EndProject
Global
	GlobalSection(SolutionConfigurationPlatforms) = preSolution
		Debug|Any CPU = Debug|Any CPU
		Release|Any CPU = Release|Any CPU
	EndGlobalSection
	GlobalSection(ProjectConfigurationPlatforms) = postSolution
		{DEE4CFF4-4022-4F90-901E-7BFB291DDF26}.Debug|Any CPU.ActiveCfg = Debug|Any CPU
		{DEE4CFF4-4022-4F90-901E-7BFB291DDF26}.Debug|Any CPU.Build.0 = Debug|Any CPU
		{DEE4CFF4-4022-4F90-901E-7BFB291DDF26}.Release|Any CPU.ActiveCfg = Release|Any CPU
		{DEE4CFF4-4022-4F90-901E-7BFB291DDF26}.Release|Any CPU.Build.0 = Release|Any CPU
	EndGlobalSection
	GlobalSection(SolutionProperties) = preSolution
		HideSolutionNode = FALSE
	EndGlobalSection
	GlobalSection(ExtensibilityGlobals) = postSolution
		SolutionGuid = {C2EF8408-BD63-4ED9-9163-F2A7AE42CAAC}
	EndGlobalSection
EndGlobal
